
Microsoft Visual Studio Solution File, Format Version 12.00
# Visual Studio Version 17
VisualStudioVersion = 17.2.32602.215
MinimumVisualStudioVersion = 10.0.40219.1
Project("{FAE04EC0-301F-11D3-BF4B-00C04F79EFBC}") = "form", "form\form.csproj", "{7035E5AB-753C-4738-ADDE-2F1BC1DB9D1E}"
EndProject
Global
	GlobalSection(SolutionConfigurationPlatforms) = preSolution
		Debug|Any CPU = Debug|Any CPU
		Release|Any CPU = Release|Any CPU
	EndGlobalSection
	GlobalSection(ProjectConfigurationPlatforms) = postSolution
		{7035E5AB-753C-4738-ADDE-2F1BC1DB9D1E}.Debug|Any CPU.ActiveCfg = Debug|Any CPU
		{7035E5AB-753C-4738-ADDE-2F1BC1DB9D1E}.Debug|Any CPU.Build.0 = Debug|Any CPU
		{7035E5AB-753C-4738-ADDE-2F1BC1DB9D1E}.Release|Any CPU.ActiveCfg = Release|Any CPU
		{7035E5AB-753C-4738-ADDE-2F1BC1DB9D1E}.Release|Any CPU.Build.0 = Release|Any CPU
	EndGlobalSection
	GlobalSection(SolutionProperties) = preSolution
		HideSolutionNode = FALSE
	EndGlobalSection
	GlobalSection(ExtensibilityGlobals) = postSolution
		SolutionGuid = {B804E8A6-9BAD-4DC2-A9F0-4E901AA672B5}
	EndGlobalSection
EndGlobal
